<?xml version="1.0" encoding="utf-8"?>
<Project ToolsVersion="4.0" xmlns="http://schemas.microsoft.com/developer/msbuild/2003">
  <ItemGroup>
    <Filter Include="Core">
      <UniqueIdentifier>{93995380-89BD-4b04-88EB-625FBE52EBFB}</UniqueIdentifier>
      <Extensions>h;hh;hpp;hxx;hm;inl;inc;xsd</Extensions>
    </Filter>
    <Filter Include="Formats">
      <UniqueIdentifier>{4FC737F1-C7A5-4376-A066-2A32D752A2FF}</UniqueIdentifier>
      <Extensions>cpp;c;cc;cxx;def;odl;idl;hpj;bat;asm;asmx</Extensions>
    </Filter>
    <Filter Include="Math">
      <UniqueIdentifier>{ec3cd106-e2f2-465d-a75b-e9d55d8fe2ef}</UniqueIdentifier>
    </Filter>
    <Filter Include="Utility">
      <UniqueIdentifier>{d93a4d09-6ab2-4ab4-97ce-e484ebc9384d}</UniqueIdentifier>
    </Filter>
    <Filter Include="IO">
      <UniqueIdentifier>{854be858-24fc-4e57-bb59-d464920c6521}</UniqueIdentifier>
    </Filter>
    <Filter Include="Debug">
      <UniqueIdentifier>{97fce091-080c-4b77-91d7-9ab4ba990513}</UniqueIdentifier>
    </Filter>
    <Filter Include="Meta">
      <UniqueIdentifier>{6dcebe2e-979d-4039-94ae-62b6edde18d6}</UniqueIdentifier>
    </Filter>
    <Filter Include="System">
      <UniqueIdentifier>{120413bb-533d-4f6e-a659-b750648f2897}</UniqueIdentifier>
    </Filter>
  </ItemGroup>
  <ItemGroup>
    <ClInclude Include="../Pubc/Files.h">
      <Filter>IO</Filter>
    </ClInclude>
    <ClInclude Include="../Pubc/Threaded IO Stream.h">
      <Filter>Utility</Filter>
    </ClInclude>
    <ClInclude Include="../Pubc/Tuple.h">
      <Filter>Math</Filter>
    </ClInclude>
    <ClInclude Include="../Pubc/Transformation.h">
      <Filter>Math</Filter>
    </ClInclude>
    <ClInclude Include="../Pubc/Tensor.h">
      <Filter>Math</Filter>
    </ClInclude>
    <ClInclude Include="../Pubc/TemplateUtility.h">
      <Filter>Utility</Filter>
    </ClInclude>
    <ClInclude Include="../Pubc/Rotor.h">
      <Filter>Math</Filter>
    </ClInclude>
    <ClInclude Include="../Pubc/Number Types.h">
      <Filter>Math</Filter>
    </ClInclude>
    <ClInclude Include="../Pubc/Math Types.h">
      <Filter>Math</Filter>
    </ClInclude>
    <ClInclude Include="../Pubc/Math Types Complex.h">
      <Filter>Math</Filter>
    </ClInclude>
    <ClInclude Include="../Pubc/JSON.h">
      <Filter>Formats</Filter>
    </ClInclude>
    <ClInclude Include="../Pubc/JSON Merge.h">
      <Filter>Utility</Filter>
    </ClInclude>
    <ClInclude Include="../Pubc/Exception.h">
      <Filter>Debug</Filter>
    </ClInclude>
    <ClInclude Include="../Pubc/Exception Origin.h">
      <Filter>Debug</Filter>
    </ClInclude>
    <ClInclude Include="../Pubc/Assert.h">
      <Filter>Debug</Filter>
    </ClInclude>
    <ClInclude Include="../Pubc/Distribution.h">
      <Filter>Math</Filter>
    </ClInclude>
    <ClInclude Include="..\Pubc\Version.h">
      <Filter>Core</Filter>
    </ClInclude>
    <ClInclude Include="..\Pubc\Version Reg.h">
      <Filter>Core</Filter>
    </ClInclude>
    <ClInclude Include="..\Pubc\Register.h">
      <Filter>Core</Filter>
    </ClInclude>
    <ClInclude Include="..\Pubc\Stringstream.h">
      <Filter>Utility</Filter>
    </ClInclude>
    <ClInclude Include="..\Pubc\Sys Thread.h">
      <Filter>System</Filter>
    </ClInclude>
    <ClInclude Include="..\Pubc\Sys Path.h">
      <Filter>System</Filter>
    </ClInclude>
    <ClInclude Include="..\Pubc\Files Types.h">
      <Filter>IO</Filter>
    </ClInclude>
    <ClInclude Include="..\Pubc\Threaded Caller.h">
      <Filter>Utility</Filter>
    </ClInclude>
    <ClInclude Include="..\Pubc\FileSource Snooper.h">
      <Filter>Utility</Filter>
    </ClInclude>
    <ClInclude Include="..\Pubc\File Wildcard.h">
      <Filter>Utility</Filter>
    </ClInclude>
    <ClInclude Include="..\Pubc\Matrix Operations.h">
      <Filter>Math</Filter>
    </ClInclude>
    <ClInclude Include="..\Pubc\Sys Sound.h">
      <Filter>System</Filter>
    </ClInclude>
    <ClInclude Include="..\Pubc\Sys Alert.h">
      <Filter>System</Filter>
    </ClInclude>
  </ItemGroup>
  <ItemGroup>
    <ClCompile Include="../Pubc/Files.cpp">
      <Filter>IO</Filter>
    </ClCompile>
    <ClCompile Include="../Pubc/Threaded IO Stream.cpp">
      <Filter>Utility</Filter>
    </ClCompile>
    <ClCompile Include="..\Pubc\Version.cpp">
      <Filter>Core</Filter>
    </ClCompile>
    <ClCompile Include="..\Pubc\Version Reg.cpp">
      <Filter>Core</Filter>
    </ClCompile>
    <ClCompile Include="..\Pubc\JSON Merge.cpp">
      <Filter>Utility</Filter>
    </ClCompile>
    <ClCompile Include="..\Pubc\Sys Thread.cpp">
      <Filter>System</Filter>
    </ClCompile>
    <ClCompile Include="..\Pubc\Sys Path.cpp">
      <Filter>System</Filter>
    </ClCompile>
    <ClCompile Include="..\Pubc\Threaded Caller.cpp">
      <Filter>Utility</Filter>
    </ClCompile>
    <ClCompile Include="..\Pubc\File Wildcard.cpp">
      <Filter>Utility</Filter>
    </ClCompile>
    <ClCompile Include="..\Pubc\Sys Sound.cpp">
      <Filter>System</Filter>
    </ClCompile>
    <ClCompile Include="..\Pubc\Sys Alert.cpp">
      <Filter>System</Filter>
    </ClCompile>
  </ItemGroup>
  <ItemGroup>
    <Text Include="..\Meta\libraries.json">
      <Filter>Meta</Filter>
    </Text>
    <Text Include="..\Meta\contributors.json">
      <Filter>Meta</Filter>
    </Text>
    <Text Include="..\Meta\generate_meta.py">
      <Filter>Meta</Filter>
    </Text>
  </ItemGroup>
  <ItemGroup>
    <CustomBuild Include="..\Meta\generate_meta.txt">
      <Filter>Meta</Filter>
    </CustomBuild>
  </ItemGroup>
</Project>